
Microsoft Visual Studio Solution File, Format Version 12.00
# Visual Studio Version 17
VisualStudioVersion = 17.3.32825.248
MinimumVisualStudioVersion = 10.0.40219.1
Project("{FAE04EC0-301F-11D3-BF4B-00C04F79EFBC}") = "Soru-12", "Soru-12\Soru-12.csproj", "{C5D85F1C-8AA1-49BD-B369-E4BCE1F23415}"
EndProject
Global
	GlobalSection(SolutionConfigurationPlatforms) = preSolution
		Debug|Any CPU = Debug|Any CPU
		Release|Any CPU = Release|Any CPU
	EndGlobalSection
	GlobalSection(ProjectConfigurationPlatforms) = postSolution
		{C5D85F1C-8AA1-49BD-B369-E4BCE1F23415}.Debug|Any CPU.ActiveCfg = Debug|Any CPU
		{C5D85F1C-8AA1-49BD-B369-E4BCE1F23415}.Debug|Any CPU.Build.0 = Debug|Any CPU
		{C5D85F1C-8AA1-49BD-B369-E4BCE1F23415}.Release|Any CPU.ActiveCfg = Release|Any CPU
		{C5D85F1C-8AA1-49BD-B369-E4BCE1F23415}.Release|Any CPU.Build.0 = Release|Any CPU
	EndGlobalSection
	GlobalSection(SolutionProperties) = preSolution
		HideSolutionNode = FALSE
	EndGlobalSection
	GlobalSection(ExtensibilityGlobals) = postSolution
		SolutionGuid = {7B52CCBF-1663-46C4-9A01-DB4983753825}
	EndGlobalSection
EndGlobal
