
Microsoft Visual Studio Solution File, Format Version 12.00
# Visual Studio Version 17
VisualStudioVersion = 17.3.32825.248
MinimumVisualStudioVersion = 10.0.40219.1
Project("{FAE04EC0-301F-11D3-BF4B-00C04F79EFBC}") = "Soru-17", "Soru-17\Soru-17.csproj", "{7C8AFCFF-2CE5-4246-99FB-B8A141E57775}"
EndProject
Global
	GlobalSection(SolutionConfigurationPlatforms) = preSolution
		Debug|Any CPU = Debug|Any CPU
		Release|Any CPU = Release|Any CPU
	EndGlobalSection
	GlobalSection(ProjectConfigurationPlatforms) = postSolution
		{7C8AFCFF-2CE5-4246-99FB-B8A141E57775}.Debug|Any CPU.ActiveCfg = Debug|Any CPU
		{7C8AFCFF-2CE5-4246-99FB-B8A141E57775}.Debug|Any CPU.Build.0 = Debug|Any CPU
		{7C8AFCFF-2CE5-4246-99FB-B8A141E57775}.Release|Any CPU.ActiveCfg = Release|Any CPU
		{7C8AFCFF-2CE5-4246-99FB-B8A141E57775}.Release|Any CPU.Build.0 = Release|Any CPU
	EndGlobalSection
	GlobalSection(SolutionProperties) = preSolution
		HideSolutionNode = FALSE
	EndGlobalSection
	GlobalSection(ExtensibilityGlobals) = postSolution
		SolutionGuid = {E851B69D-F39A-4431-A41B-7420FBE52454}
	EndGlobalSection
EndGlobal
