
Microsoft Visual Studio Solution File, Format Version 12.00
# Visual Studio Version 17
VisualStudioVersion = 17.3.32825.248
MinimumVisualStudioVersion = 10.0.40219.1
Project("{FAE04EC0-301F-11D3-BF4B-00C04F79EFBC}") = "Soru-9", "Soru-9\Soru-9.csproj", "{31B8A653-64AC-40EB-A927-3EEF0439ED01}"
EndProject
Global
	GlobalSection(SolutionConfigurationPlatforms) = preSolution
		Debug|Any CPU = Debug|Any CPU
		Release|Any CPU = Release|Any CPU
	EndGlobalSection
	GlobalSection(ProjectConfigurationPlatforms) = postSolution
		{31B8A653-64AC-40EB-A927-3EEF0439ED01}.Debug|Any CPU.ActiveCfg = Debug|Any CPU
		{31B8A653-64AC-40EB-A927-3EEF0439ED01}.Debug|Any CPU.Build.0 = Debug|Any CPU
		{31B8A653-64AC-40EB-A927-3EEF0439ED01}.Release|Any CPU.ActiveCfg = Release|Any CPU
		{31B8A653-64AC-40EB-A927-3EEF0439ED01}.Release|Any CPU.Build.0 = Release|Any CPU
	EndGlobalSection
	GlobalSection(SolutionProperties) = preSolution
		HideSolutionNode = FALSE
	EndGlobalSection
	GlobalSection(ExtensibilityGlobals) = postSolution
		SolutionGuid = {F7B2DE0C-C162-42CC-ADF5-F728BBE27596}
	EndGlobalSection
EndGlobal
