
Microsoft Visual Studio Solution File, Format Version 12.00
# Visual Studio Version 17
VisualStudioVersion = 17.3.32825.248
MinimumVisualStudioVersion = 10.0.40219.1
Project("{FAE04EC0-301F-11D3-BF4B-00C04F79EFBC}") = "Soru-7", "Soru-7\Soru-7.csproj", "{FD9AAB98-48BC-41EB-A5E1-8C3FC05D0C1B}"
EndProject
Global
	GlobalSection(SolutionConfigurationPlatforms) = preSolution
		Debug|Any CPU = Debug|Any CPU
		Release|Any CPU = Release|Any CPU
	EndGlobalSection
	GlobalSection(ProjectConfigurationPlatforms) = postSolution
		{FD9AAB98-48BC-41EB-A5E1-8C3FC05D0C1B}.Debug|Any CPU.ActiveCfg = Debug|Any CPU
		{FD9AAB98-48BC-41EB-A5E1-8C3FC05D0C1B}.Debug|Any CPU.Build.0 = Debug|Any CPU
		{FD9AAB98-48BC-41EB-A5E1-8C3FC05D0C1B}.Release|Any CPU.ActiveCfg = Release|Any CPU
		{FD9AAB98-48BC-41EB-A5E1-8C3FC05D0C1B}.Release|Any CPU.Build.0 = Release|Any CPU
	EndGlobalSection
	GlobalSection(SolutionProperties) = preSolution
		HideSolutionNode = FALSE
	EndGlobalSection
	GlobalSection(ExtensibilityGlobals) = postSolution
		SolutionGuid = {61CED111-BA4B-441E-B7B5-0F754E9026E4}
	EndGlobalSection
EndGlobal
